{
  "name": "@mak4lab/csv-splitter",
  "version": "0.0.1",
  "lockfileVersion": 1,
  "requires": true,
  "dependencies": {
    "async-csv": {
      "version": "2.0.0",
      "resolved": "https://registry.npmjs.org/async-csv/-/async-csv-2.0.0.tgz",
      "integrity": "sha512-68ip4PLFiHTxxHaQCktst/p4BWaBo7X8ejwsR9cIP15JWrDMr7PXOn+Ycey+6dgWnjQ96I+8uLnuWz+FkU/iMA==",
      "requires": {
        "csv": "^4.0.0"
      }
    },
    "convert-csv-to-array": {
      "version": "1.0.3",
      "resolved": "https://registry.npmjs.org/convert-csv-to-array/-/convert-csv-to-array-1.0.3.tgz",
      "integrity": "sha512-F2o7RgfkegFwbxJN+mryqPPJHQaUzRej5JU3dzaXMPk7hVJKnsHu/Mm/y8rku/oflNyEILAbOKe8FcEAQkpxwg==",
      "requires": {
        "convert-string-to-number": "^1.0.3"
      }
    },
    "convert-string-to-number": {
      "version": "1.0.3",
      "resolved": "https://registry.npmjs.org/convert-string-to-number/-/convert-string-to-number-1.0.3.tgz",
      "integrity": "sha512-ZvP2/ob7UvvC6s7euMDU2JXYz1dTdBXS8QvOgCPOiGHHYNsKcJ/WZUui3wL0vngXRfM7/3QSFF2PZWlPjgKeUA=="
    },
    "csv": {
      "version": "4.0.0",
      "resolved": "https://registry.npmjs.org/csv/-/csv-4.0.0.tgz",
      "integrity": "sha512-rj3+HMMIKskeiipg0VkFSx7o8FhrNSfIb1nLT6AkJ0gx7mdGU5JsJGv4tmk0vl1jV/h/TfWJOwh1tpbbhVqNKA==",
      "requires": {
        "csv-generate": "^2.2.2",
        "csv-parse": "^3.1.2",
        "csv-stringify": "^4.3.1",
        "stream-transform": "^1.0.7"
      }
    },
    "csv-generate": {
      "version": "2.2.2",
      "resolved": "https://registry.npmjs.org/csv-generate/-/csv-generate-2.2.2.tgz",
      "integrity": "sha512-ETG8JGG0xOt2f1JzxrAcQONVc4+7srUdXeyLnow60ntBr+qiNCFTqi+ME6g0vZ4hMCbrwNrDPJPOYVznAeDDHQ=="
    },
    "csv-parse": {
      "version": "3.2.0",
      "resolved": "https://registry.npmjs.org/csv-parse/-/csv-parse-3.2.0.tgz",
      "integrity": "sha512-1IBQ7PYHc5h6AXS4nyGsmicttbpUbNvlsgKxhvouh+kRaVug8xBWSiIeWdbPUQgjKG88hEGYjdU29fX73mo+6Q=="
    },
    "csv-stringify": {
      "version": "4.3.1",
      "resolved": "https://registry.npmjs.org/csv-stringify/-/csv-stringify-4.3.1.tgz",
      "integrity": "sha512-VRjPYIUzex5kfbsOY7LaJcNE2qMWGQQAanb3/Vv85WbOgA+dAfDNfwntRvv335icJgGYrnTX403WxJxRVpLDFA==",
      "requires": {
        "lodash.get": "~4.4.2"
      }
    },
    "jquery": {
      "version": "3.3.1",
      "resolved": "https://registry.npmjs.org/jquery/-/jquery-3.3.1.tgz",
      "integrity": "sha512-Ubldcmxp5np52/ENotGxlLe6aGMvmF4R8S6tZjsP6Knsaxd/xp3Zrh50cG93lR6nPXyUFwzN3ZSOQI0wRJNdGg=="
    },
    "jquery-csv": {
      "version": "0.8.12",
      "resolved": "https://registry.npmjs.org/jquery-csv/-/jquery-csv-0.8.12.tgz",
      "integrity": "sha512-lTVpGudyrh1dNT8tTBP/rePcCwLsWHoQx3urdm+agIIFO0+VG+b2ggShCLHYepWZ7IZl2mQnRuZNrh1WoBXTIQ=="
    },
    "lodash": {
      "version": "4.17.11",
      "resolved": "https://registry.npmjs.org/lodash/-/lodash-4.17.11.tgz",
      "integrity": "sha512-cQKh8igo5QUhZ7lg38DYWAxMvjSAKG0A8wGSVimP07SIUEK2UO+arSRKbRZWtelMtN5V0Hkwh5ryOto/SshYIg=="
    },
    "lodash.get": {
      "version": "4.4.2",
      "resolved": "https://registry.npmjs.org/lodash.get/-/lodash.get-4.4.2.tgz",
      "integrity": "sha1-LRd/ZS+jHpObRDjVNBSZ36OCXpk="
    },
    "objects-to-csv": {
      "version": "1.2.1",
      "resolved": "https://registry.npmjs.org/objects-to-csv/-/objects-to-csv-1.2.1.tgz",
      "integrity": "sha512-Gp6qq/DYiCZJW/8CEcDcGHoD8RN73EFNGvBhaQTqt0XD70aGFPyDVEskiFfoe5OxatLZRB3E8kwqNkrnUdfNqg==",
      "requires": {
        "async-csv": "^2.0.0"
      }
    },
    "stream-transform": {
      "version": "1.0.8",
      "resolved": "https://registry.npmjs.org/stream-transform/-/stream-transform-1.0.8.tgz",
      "integrity": "sha512-1q+dL790Ps0NV33rISMq9OLtfDA9KMJZdo1PHZXE85orrWsM4FAh8CVyAOTHO0rhyeM138KNPngBPrx33bFsxw=="
    }
  }
}
